// !$*UTF8*$!
{
	archiveVersion = 1;
	classes = {
	};
	objectVersion = 46;
	objects = {

/* Begin PBXBuildFile section */
		ADC1244C1D4DDE7E0028B83A /* AppDelegate.swift in Sources */ = {isa = PBXBuildFile; fileRef = ADC1244B1D4DDE7E0028B83A /* AppDelegate.swift */; };
		ADC1244E1D4DDE7E0028B83A /* ViewController.swift in Sources */ = {isa = PBXBuildFile; fileRef = ADC1244D1D4DDE7E0028B83A /* ViewController.swift */; };
		ADC124511D4DDE7E0028B83A /* Main.storyboard in Resources */ = {isa = PBXBuildFile; fileRef = ADC1244F1D4DDE7E0028B83A /* Main.storyboard */; };
		ADC124531D4DDE7E0028B83A /* Assets.xcassets in Resources */ = {isa = PBXBuildFile; fileRef = ADC124521D4DDE7E0028B83A /* Assets.xcassets */; };
		ADC124561D4DDE7E0028B83A /* LaunchScreen.storyboard in Resources */ = {isa = PBXBuildFile; fileRef = ADC124541D4DDE7E0028B83A /* LaunchScreen.storyboard */; };
		ADC124611D4DDE7E0028B83A /* CalculablePositionDemoTests.swift in Sources */ = {isa = PBXBuildFile; fileRef = ADC124601D4DDE7E0028B83A /* CalculablePositionDemoTests.swift */; };
		ADC1246C1D4DDE7E0028B83A /* CalculablePositionDemoUITests.swift in Sources */ = {isa = PBXBuildFile; fileRef = ADC1246B1D4DDE7E0028B83A /* CalculablePositionDemoUITests.swift */; };
/* End PBXBuildFile section */

/* Begin PBXContainerItemProxy section */
		ADC1245D1D4DDE7E0028B83A /* PBXContainerItemProxy */ = {
			isa = PBXContainerItemProxy;
			containerPortal = ADC124401D4DDE7E0028B83A /* Project object */;
			proxyType = 1;
			remoteGlobalIDString = ADC124471D4DDE7E0028B83A;
			remoteInfo = CalculablePositionDemo;
		};
		ADC124681D4DDE7E0028B83A /* PBXContainerItemProxy */ = {
			isa = PBXContainerItemProxy;
			containerPortal = ADC124401D4DDE7E0028B83A /* Project object */;
			proxyType = 1;
			remoteGlobalIDString = ADC124471D4DDE7E0028B83A;
			remoteInfo = CalculablePositionDemo;
		};
/* End PBXContainerItemProxy section */

/* Begin PBXFileReference section */
		ADC124481D4DDE7E0028B83A /* CalculablePositionDemo.app */ = {isa = PBXFileReference; explicitFileType = wrapper.application; includeInIndex = 0; path = CalculablePositionDemo.app; sourceTree = BUILT_PRODUCTS_DIR; };
		ADC1244B1D4DDE7E0028B83A /* AppDelegate.swift */ = {isa = PBXFileReference; lastKnownFileType = sourcecode.swift; path = AppDelegate.swift; sourceTree = "<group>"; };
		ADC1244D1D4DDE7E0028B83A /* ViewController.swift */ = {isa = PBXFileReference; lastKnownFileType = sourcecode.swift; path = ViewController.swift; sourceTree = "<group>"; };
		ADC124501D4DDE7E0028B83A /* Base */ = {isa = PBXFileReference; lastKnownFileType = file.storyboard; name = Base; path = Base.lproj/Main.storyboard; sourceTree = "<group>"; };
		ADC124521D4DDE7E0028B83A /* Assets.xcassets */ = {isa = PBXFileReference; lastKnownFileType = folder.assetcatalog; path = Assets.xcassets; sourceTree = "<group>"; };
		ADC124551D4DDE7E0028B83A /* Base */ = {isa = PBXFileReference; lastKnownFileType = file.storyboard; name = Base; path = Base.lproj/LaunchScreen.storyboard; sourceTree = "<group>"; };
		ADC124571D4DDE7E0028B83A /* Info.plist */ = {isa = PBXFileReference; lastKnownFileType = text.plist.xml; path = Info.plist; sourceTree = "<group>"; };
		ADC1245C1D4DDE7E0028B83A /* CalculablePositionDemoTests.xctest */ = {isa = PBXFileReference; explicitFileType = wrapper.cfbundle; includeInIndex = 0; path = CalculablePositionDemoTests.xctest; sourceTree = BUILT_PRODUCTS_DIR; };
		ADC124601D4DDE7E0028B83A /* CalculablePositionDemoTests.swift */ = {isa = PBXFileReference; lastKnownFileType = sourcecode.swift; path = CalculablePositionDemoTests.swift; sourceTree = "<group>"; };
		ADC124621D4DDE7E0028B83A /* Info.plist */ = {isa = PBXFileReference; lastKnownFileType = text.plist.xml; path = Info.plist; sourceTree = "<group>"; };
		ADC124671D4DDE7E0028B83A /* CalculablePositionDemoUITests.xctest */ = {isa = PBXFileReference; explicitFileType = wrapper.cfbundle; includeInIndex = 0; path = CalculablePositionDemoUITests.xctest; sourceTree = BUILT_PRODUCTS_DIR; };
		ADC1246B1D4DDE7E0028B83A /* CalculablePositionDemoUITests.swift */ = {isa = PBXFileReference; lastKnownFileType = sourcecode.swift; path = CalculablePositionDemoUITests.swift; sourceTree = "<group>"; };
		ADC1246D1D4DDE7E0028B83A /* Info.plist */ = {isa = PBXFileReference; lastKnownFileType = text.plist.xml; path = Info.plist; sourceTree = "<group>"; };
/* End PBXFileReference section */

/* Begin PBXFrameworksBuildPhase section */
		ADC124451D4DDE7E0028B83A /* Frameworks */ = {
			isa = PBXFrameworksBuildPhase;
			buildActionMask = 2147483647;
			files = (
			);
			runOnlyForDeploymentPostprocessing = 0;
		};
		ADC124591D4DDE7E0028B83A /* Frameworks */ = {
			isa = PBXFrameworksBuildPhase;
			buildActionMask = 2147483647;
			files = (
			);
			runOnlyForDeploymentPostprocessing = 0;
		};
		ADC124641D4DDE7E0028B83A /* Frameworks */ = {
			isa = PBXFrameworksBuildPhase;
			buildActionMask = 2147483647;
			files = (
			);
			runOnlyForDeploymentPostprocessing = 0;
		};
/* End PBXFrameworksBuildPhase section */

/* Begin PBXGroup section */
		ADC1243F1D4DDE7E0028B83A = {
			isa = PBXGroup;
			children = (
				ADC1244A1D4DDE7E0028B83A /* CalculablePositionDemo */,
				ADC1245F1D4DDE7E0028B83A /* CalculablePositionDemoTests */,
				ADC1246A1D4DDE7E0028B83A /* CalculablePositionDemoUITests */,
				ADC124491D4DDE7E0028B83A /* Products */,
			);
			sourceTree = "<group>";
		};
		ADC124491D4DDE7E0028B83A /* Products */ = {
			isa = PBXGroup;
			children = (
				ADC124481D4DDE7E0028B83A /* CalculablePositionDemo.app */,
				ADC1245C1D4DDE7E0028B83A /* CalculablePositionDemoTests.xctest */,
				ADC124671D4DDE7E0028B83A /* CalculablePositionDemoUITests.xctest */,
			);
			name = Products;
			sourceTree = "<group>";
		};
		ADC1244A1D4DDE7E0028B83A /* CalculablePositionDemo */ = {
			isa = PBXGroup;
			children = (
				ADC1244B1D4DDE7E0028B83A /* AppDelegate.swift */,
				ADC1244D1D4DDE7E0028B83A /* ViewController.swift */,
				ADC1244F1D4DDE7E0028B83A /* Main.storyboard */,
				ADC124521D4DDE7E0028B83A /* Assets.xcassets */,
				ADC124541D4DDE7E0028B83A /* LaunchScreen.storyboard */,
				ADC124571D4DDE7E0028B83A /* Info.plist */,
			);
			path = CalculablePositionDemo;
			sourceTree = "<group>";
		};
		ADC1245F1D4DDE7E0028B83A /* CalculablePositionDemoTests */ = {
			isa = PBXGroup;
			children = (
				ADC124601D4DDE7E0028B83A /* CalculablePositionDemoTests.swift */,
				ADC124621D4DDE7E0028B83A /* Info.plist */,
			);
			path = CalculablePositionDemoTests;
			sourceTree = "<group>";
		};
		ADC1246A1D4DDE7E0028B83A /* CalculablePositionDemoUITests */ = {
			isa = PBXGroup;
			children = (
				ADC1246B1D4DDE7E0028B83A /* CalculablePositionDemoUITests.swift */,
				ADC1246D1D4DDE7E0028B83A /* Info.plist */,
			);
			path = CalculablePositionDemoUITests;
			sourceTree = "<group>";
		};
/* End PBXGroup section */

/* Begin PBXNativeTarget section */
		ADC124471D4DDE7E0028B83A /* CalculablePositionDemo */ = {
			isa = PBXNativeTarget;
			buildConfigurationList = ADC124701D4DDE7E0028B83A /* Build configuration list for PBXNativeTarget "CalculablePositionDemo" */;
			buildPhases = (
				ADC124441D4DDE7E0028B83A /* Sources */,
				ADC124451D4DDE7E0028B83A /* Frameworks */,
				ADC124461D4DDE7E0028B83A /* Resources */,
			);
			buildRules = (
			);
			dependencies = (
			);
			name = CalculablePositionDemo;
			productName = CalculablePositionDemo;
			productReference = ADC124481D4DDE7E0028B83A /* CalculablePositionDemo.app */;
			productType = "com.apple.product-type.application";
		};
		ADC1245B1D4DDE7E0028B83A /* CalculablePositionDemoTests */ = {
			isa = PBXNativeTarget;
			buildConfigurationList = ADC124731D4DDE7E0028B83A /* Build configuration list for PBXNativeTarget "CalculablePositionDemoTests" */;
			buildPhases = (
				ADC124581D4DDE7E0028B83A /* Sources */,
				ADC124591D4DDE7E0028B83A /* Frameworks */,
				ADC1245A1D4DDE7E0028B83A /* Resources */,
			);
			buildRules = (
			);
			dependencies = (
				ADC1245E1D4DDE7E0028B83A /* PBXTargetDependency */,
			);
			name = CalculablePositionDemoTests;
			productName = CalculablePositionDemoTests;
			productReference = ADC1245C1D4DDE7E0028B83A /* CalculablePositionDemoTests.xctest */;
			productType = "com.apple.product-type.bundle.unit-test";
		};
		ADC124661D4DDE7E0028B83A /* CalculablePositionDemoUITests */ = {
			isa = PBXNativeTarget;
			buildConfigurationList = ADC124761D4DDE7E0028B83A /* Build configuration list for PBXNativeTarget "CalculablePositionDemoUITests" */;
			buildPhases = (
				ADC124631D4DDE7E0028B83A /* Sources */,
				ADC124641D4DDE7E0028B83A /* Frameworks */,
				ADC124651D4DDE7E0028B83A /* Resources */,
			);
			buildRules = (
			);
			dependencies = (
				ADC124691D4DDE7E0028B83A /* PBXTargetDependency */,
			);
			name = CalculablePositionDemoUITests;
			productName = CalculablePositionDemoUITests;
			productReference = ADC124671D4DDE7E0028B83A /* CalculablePositionDemoUITests.xctest */;
			productType = "com.apple.product-type.bundle.ui-testing";
		};
/* End PBXNativeTarget section */

/* Begin PBXProject section */
		ADC124401D4DDE7E0028B83A /* Project object */ = {
			isa = PBXProject;
			attributes = {
				LastSwiftUpdateCheck = 0730;
				LastUpgradeCheck = 0730;
				ORGANIZATIONNAME = fromKK;
				TargetAttributes = {
					ADC124471D4DDE7E0028B83A = {
						CreatedOnToolsVersion = 7.3.1;
					};
					ADC1245B1D4DDE7E0028B83A = {
						CreatedOnToolsVersion = 7.3.1;
						TestTargetID = ADC124471D4DDE7E0028B83A;
					};
					ADC124661D4DDE7E0028B83A = {
						CreatedOnToolsVersion = 7.3.1;
						TestTargetID = ADC124471D4DDE7E0028B83A;
					};
				};
			};
			buildConfigurationList = ADC124431D4DDE7E0028B83A /* Build configuration list for PBXProject "CalculablePositionDemo" */;
			compatibilityVersion = "Xcode 3.2";
			developmentRegion = English;
			hasScannedForEncodings = 0;
			knownRegions = (
				en,
				Base,
			);
			mainGroup = ADC1243F1D4DDE7E0028B83A;
			productRefGroup = ADC124491D4DDE7E0028B83A /* Products */;
			projectDirPath = "";
			projectRoot = "";
			targets = (
				ADC124471D4DDE7E0028B83A /* CalculablePositionDemo */,
				ADC1245B1D4DDE7E0028B83A /* CalculablePositionDemoTests */,
				ADC124661D4DDE7E0028B83A /* CalculablePositionDemoUITests */,
			);
		};
/* End PBXProject section */

/* Begin PBXResourcesBuildPhase section */
		ADC124461D4DDE7E0028B83A /* Resources */ = {
			isa = PBXResourcesBuildPhase;
			buildActionMask = 2147483647;
			files = (
				ADC124561D4DDE7E0028B83A /* LaunchScreen.storyboard in Resources */,
				ADC124531D4DDE7E0028B83A /* Assets.xcassets in Resources */,
				ADC124511D4DDE7E0028B83A /* Main.storyboard in Resources */,
			);
			runOnlyForDeploymentPostprocessing = 0;
		};
		ADC1245A1D4DDE7E0028B83A /* Resources */ = {
			isa = PBXResourcesBuildPhase;
			buildActionMask = 2147483647;
			files = (
			);
			runOnlyForDeploymentPostprocessing = 0;
		};
		ADC124651D4DDE7E0028B83A /* Resources */ = {
			isa = PBXResourcesBuildPhase;
			buildActionMask = 2147483647;
			files = (
			);
			runOnlyForDeploymentPostprocessing = 0;
		};
/* End PBXResourcesBuildPhase section */

/* Begin PBXSourcesBuildPhase section */
		ADC124441D4DDE7E0028B83A /* Sources */ = {
			isa = PBXSourcesBuildPhase;
			buildActionMask = 2147483647;
			files = (
				ADC1244E1D4DDE7E0028B83A /* ViewController.swift in Sources */,
				ADC1244C1D4DDE7E0028B83A /* AppDelegate.swift in Sources */,
			);
			runOnlyForDeploymentPostprocessing = 0;
		};
		ADC124581D4DDE7E0028B83A /* Sources */ = {
			isa = PBXSourcesBuildPhase;
			buildActionMask = 2147483647;
			files = (
				ADC124611D4DDE7E0028B83A /* CalculablePositionDemoTests.swift in Sources */,
			);
			runOnlyForDeploymentPostprocessing = 0;
		};
		ADC124631D4DDE7E0028B83A /* Sources */ = {
			isa = PBXSourcesBuildPhase;
			buildActionMask = 2147483647;
			files = (
				ADC1246C1D4DDE7E0028B83A /* CalculablePositionDemoUITests.swift in Sources */,
			);
			runOnlyForDeploymentPostprocessing = 0;
		};
/* End PBXSourcesBuildPhase section */

/* Begin PBXTargetDependency section */
		ADC1245E1D4DDE7E0028B83A /* PBXTargetDependency */ = {
			isa = PBXTargetDependency;
			target = ADC124471D4DDE7E0028B83A /* CalculablePositionDemo */;
			targetProxy = ADC1245D1D4DDE7E0028B83A /* PBXContainerItemProxy */;
		};
		ADC124691D4DDE7E0028B83A /* PBXTargetDependency */ = {
			isa = PBXTargetDependency;
			target = ADC124471D4DDE7E0028B83A /* CalculablePositionDemo */;
			targetProxy = ADC124681D4DDE7E0028B83A /* PBXContainerItemProxy */;
		};
/* End PBXTargetDependency section */

/* Begin PBXVariantGroup section */
		ADC1244F1D4DDE7E0028B83A /* Main.storyboard */ = {
			isa = PBXVariantGroup;
			children = (
				ADC124501D4DDE7E0028B83A /* Base */,
			);
			name = Main.storyboard;
			sourceTree = "<group>";
		};
		ADC124541D4DDE7E0028B83A /* LaunchScreen.storyboard */ = {
			isa = PBXVariantGroup;
			children = (
				ADC124551D4DDE7E0028B83A /* Base */,
			);
			name = LaunchScreen.storyboard;
			sourceTree = "<group>";
		};
/* End PBXVariantGroup section */

/* Begin XCBuildConfiguration section */
		ADC1246E1D4DDE7E0028B83A /* Debug */ = {
			isa = XCBuildConfiguration;
			buildSettings = {
				ALWAYS_SEARCH_USER_PATHS = NO;
				CLANG_ANALYZER_NONNULL = YES;
				CLANG_CXX_LANGUAGE_STANDARD = "gnu++0x";
				CLANG_CXX_LIBRARY = "libc++";
				CLANG_ENABLE_MODULES = YES;
				CLANG_ENABLE_OBJC_ARC = YES;
				CLANG_WARN_BOOL_CONVERSION = YES;
				CLANG_WARN_CONSTANT_CONVERSION = YES;
				CLANG_WARN_DIRECT_OBJC_ISA_USAGE = YES_ERROR;
				CLANG_WARN_EMPTY_BODY = YES;
				CLANG_WARN_ENUM_CONVERSION = YES;
				CLANG_WARN_INT_CONVERSION = YES;
				CLANG_WARN_OBJC_ROOT_CLASS = YES_ERROR;
				CLANG_WARN_UNREACHABLE_CODE = YES;
				CLANG_WARN__DUPLICATE_METHOD_MATCH = YES;
				"CODE_SIGN_IDENTITY[sdk=iphoneos*]" = "iPhone Developer";
				COPY_PHASE_STRIP = NO;
				DEBUG_INFORMATION_FORMAT = dwarf;
				ENABLE_STRICT_OBJC_MSGSEND = YES;
				ENABLE_TESTABILITY = YES;
				GCC_C_LANGUAGE_STANDARD = gnu99;
				GCC_DYNAMIC_NO_PIC = NO;
				GCC_NO_COMMON_BLOCKS = YES;
				GCC_OPTIMIZATION_LEVEL = 0;
				GCC_PREPROCESSOR_DEFINITIONS = (
					"DEBUG=1",
					"$(inherited)",
				);
				GCC_WARN_64_TO_32_BIT_CONVERSION = YES;
				GCC_WARN_ABOUT_RETURN_TYPE = YES_ERROR;
				GCC_WARN_UNDECLARED_SELECTOR = YES;
				GCC_WARN_UNINITIALIZED_AUTOS = YES_AGGRESSIVE;
				GCC_WARN_UNUSED_FUNCTION = YES;
				GCC_WARN_UNUSED_VARIABLE = YES;
				IPHONEOS_DEPLOYMENT_TARGET = 9.3;
				MTL_ENABLE_DEBUG_INFO = YES;
				ONLY_ACTIVE_ARCH = YES;
				SDKROOT = iphoneos;
				SWIFT_OPTIMIZATION_LEVEL = "-Onone";
				TARGETED_DEVICE_FAMILY = "1,2";
			};
			name = Debug;
		};
		ADC1246F1D4DDE7E0028B83A /* Release */ = {
			isa = XCBuildConfiguration;
			buildSettings = {
				ALWAYS_SEARCH_USER_PATHS = NO;
				CLANG_ANALYZER_NONNULL = YES;
				CLANG_CXX_LANGUAGE_STANDARD = "gnu++0x";
				CLANG_CXX_LIBRARY = "libc++";
				CLANG_ENABLE_MODULES = YES;
				CLANG_ENABLE_OBJC_ARC = YES;
				CLANG_WARN_BOOL_CONVERSION = YES;
				CLANG_WARN_CONSTANT_CONVERSION = YES;
				CLANG_WARN_DIRECT_OBJC_ISA_USAGE = YES_ERROR;
				CLANG_WARN_EMPTY_BODY = YES;
				CLANG_WARN_ENUM_CONVERSION = YES;
				CLANG_WARN_INT_CONVERSION = YES;
				CLANG_WARN_OBJC_ROOT_CLASS = YES_ERROR;
				CLANG_WARN_UNREACHABLE_CODE = YES;
				CLANG_WARN__DUPLICATE_METHOD_MATCH = YES;
				"CODE_SIGN_IDENTITY[sdk=iphoneos*]" = "iPhone Developer";
				COPY_PHASE_STRIP = NO;
				DEBUG_INFORMATION_FORMAT = "dwarf-with-dsym";
				ENABLE_NS_ASSERTIONS = NO;
				ENABLE_STRICT_OBJC_MSGSEND = YES;
				GCC_C_LANGUAGE_STANDARD = gnu99;
				GCC_NO_COMMON_BLOCKS = YES;
				GCC_WARN_64_TO_32_BIT_CONVERSION = YES;
				GCC_WARN_ABOUT_RETURN_TYPE = YES_ERROR;
				GCC_WARN_UNDECLARED_SELECTOR = YES;
				GCC_WARN_UNINITIALIZED_AUTOS = YES_AGGRESSIVE;
				GCC_WARN_UNUSED_FUNCTION = YES;
				GCC_WARN_UNUSED_VARIABLE = YES;
				IPHONEOS_DEPLOYMENT_TARGET = 9.3;
				MTL_ENABLE_DEBUG_INFO = NO;
				SDKROOT = iphoneos;
				TARGETED_DEVICE_FAMILY = "1,2";
				VALIDATE_PRODUCT = YES;
			};
			name = Release;
		};
		ADC124711D4DDE7E0028B83A /* Debug */ = {
			isa = XCBuildConfiguration;
			buildSettings = {
				ASSETCATALOG_COMPILER_APPICON_NAME = AppIcon;
				INFOPLIST_FILE = CalculablePositionDemo/Info.plist;
				LD_RUNPATH_SEARCH_PATHS = "$(inherited) @executable_path/Frameworks";
				PRODUCT_BUNDLE_IDENTIFIER = me.fromkk.CalculablePositionDemo;
				PRODUCT_NAME = "$(TARGET_NAME)";
			};
			name = Debug;
		};
		ADC124721D4DDE7E0028B83A /* Release */ = {
			isa = XCBuildConfiguration;
			buildSettings = {
				ASSETCATALOG_COMPILER_APPICON_NAME = AppIcon;
				INFOPLIST_FILE = CalculablePositionDemo/Info.plist;
				LD_RUNPATH_SEARCH_PATHS = "$(inherited) @executable_path/Frameworks";
				PRODUCT_BUNDLE_IDENTIFIER = me.fromkk.CalculablePositionDemo;
				PRODUCT_NAME = "$(TARGET_NAME)";
			};
			name = Release;
		};
		ADC124741D4DDE7E0028B83A /* Debug */ = {
			isa = XCBuildConfiguration;
			buildSettings = {
				BUNDLE_LOADER = "$(TEST_HOST)";
				INFOPLIST_FILE = CalculablePositionDemoTests/Info.plist;
				LD_RUNPATH_SEARCH_PATHS = "$(inherited) @executable_path/Frameworks @loader_path/Frameworks";
				PRODUCT_BUNDLE_IDENTIFIER = me.fromkk.CalculablePositionDemoTests;
				PRODUCT_NAME = "$(TARGET_NAME)";
				TEST_HOST = "$(BUILT_PRODUCTS_DIR)/CalculablePositionDemo.app/CalculablePositionDemo";
			};
			name = Debug;
		};
		ADC124751D4DDE7E0028B83A /* Release */ = {
			isa = XCBuildConfiguration;
			buildSettings = {
				BUNDLE_LOADER = "$(TEST_HOST)";
				INFOPLIST_FILE = CalculablePositionDemoTests/Info.plist;
				LD_RUNPATH_SEARCH_PATHS = "$(inherited) @executable_path/Frameworks @loader_path/Frameworks";
				PRODUCT_BUNDLE_IDENTIFIER = me.fromkk.CalculablePositionDemoTests;
				PRODUCT_NAME = "$(TARGET_NAME)";
				TEST_HOST = "$(BUILT_PRODUCTS_DIR)/CalculablePositionDemo.app/CalculablePositionDemo";
			};
			name = Release;
		};
		ADC124771D4DDE7E0028B83A /* Debug */ = {
			isa = XCBuildConfiguration;
			buildSettings = {
				INFOPLIST_FILE = CalculablePositionDemoUITests/Info.plist;
				LD_RUNPATH_SEARCH_PATHS = "$(inherited) @executable_path/Frameworks @loader_path/Frameworks";
				PRODUCT_BUNDLE_IDENTIFIER = me.fromkk.CalculablePositionDemoUITests;
				PRODUCT_NAME = "$(TARGET_NAME)";
				TEST_TARGET_NAME = CalculablePositionDemo;
			};
			name = Debug;
		};
		ADC124781D4DDE7E0028B83A /* Release */ = {
			isa = XCBuildConfiguration;
			buildSettings = {
				INFOPLIST_FILE = CalculablePositionDemoUITests/Info.plist;
				LD_RUNPATH_SEARCH_PATHS = "$(inherited) @executable_path/Frameworks @loader_path/Frameworks";
				PRODUCT_BUNDLE_IDENTIFIER = me.fromkk.CalculablePositionDemoUITests;
				PRODUCT_NAME = "$(TARGET_NAME)";
				TEST_TARGET_NAME = CalculablePositionDemo;
			};
			name = Release;
		};
/* End XCBuildConfiguration section */

/* Begin XCConfigurationList section */
		ADC124431D4DDE7E0028B83A /* Build configuration list for PBXProject "CalculablePositionDemo" */ = {
			isa = XCConfigurationList;
			buildConfigurations = (
				ADC1246E1D4DDE7E0028B83A /* Debug */,
				ADC1246F1D4DDE7E0028B83A /* Release */,
			);
			defaultConfigurationIsVisible = 0;
			defaultConfigurationName = Release;
		};
		ADC124701D4DDE7E0028B83A /* Build configuration list for PBXNativeTarget "CalculablePositionDemo" */ = {
			isa = XCConfigurationList;
			buildConfigurations = (
				ADC124711D4DDE7E0028B83A /* Debug */,
				ADC124721D4DDE7E0028B83A /* Release */,
			);
			defaultConfigurationIsVisible = 0;
		};
		ADC124731D4DDE7E0028B83A /* Build configuration list for PBXNativeTarget "CalculablePositionDemoTests" */ = {
			isa = XCConfigurationList;
			buildConfigurations = (
				ADC124741D4DDE7E0028B83A /* Debug */,
				ADC124751D4DDE7E0028B83A /* Release */,
			);
			defaultConfigurationIsVisible = 0;
		};
		ADC124761D4DDE7E0028B83A /* Build configuration list for PBXNativeTarget "CalculablePositionDemoUITests" */ = {
			isa = XCConfigurationList;
			buildConfigurations = (
				ADC124771D4DDE7E0028B83A /* Debug */,
				ADC124781D4DDE7E0028B83A /* Release */,
			);
			defaultConfigurationIsVisible = 0;
		};
/* End XCConfigurationList section */
	};
	rootObject = ADC124401D4DDE7E0028B83A /* Project object */;
}
